// !$*UTF8*$!
{
	archiveVersion = 1;
	classes = {
	};
	objectVersion = 46;
	objects = {

/* Begin PBXBuildFile section */
		88DB864B15CD6D3A008DF7F9 /* AFHTTPClient.m in Sources */ = {isa = PBXBuildFile; fileRef = 88DB863615CD6D3A008DF7F9 /* AFHTTPClient.m */; settings = {COMPILER_FLAGS = "-fno-objc-arc -Wno-unused"; }; };
		88DB864C15CD6D3A008DF7F9 /* AFHTTPRequestOperation.m in Sources */ = {isa = PBXBuildFile; fileRef = 88DB863815CD6D3A008DF7F9 /* AFHTTPRequestOperation.m */; settings = {COMPILER_FLAGS = "-fno-objc-arc"; }; };
		88DB864D15CD6D3A008DF7F9 /* AFImageCache.m in Sources */ = {isa = PBXBuildFile; fileRef = 88DB863A15CD6D3A008DF7F9 /* AFImageCache.m */; settings = {COMPILER_FLAGS = "-fno-objc-arc"; }; };
		88DB864E15CD6D3A008DF7F9 /* AFImageRequestOperation.m in Sources */ = {isa = PBXBuildFile; fileRef = 88DB863C15CD6D3A008DF7F9 /* AFImageRequestOperation.m */; settings = {COMPILER_FLAGS = "-fno-objc-arc"; }; };
		88DB864F15CD6D3A008DF7F9 /* AFJSONRequestOperation.m in Sources */ = {isa = PBXBuildFile; fileRef = 88DB863E15CD6D3A008DF7F9 /* AFJSONRequestOperation.m */; settings = {COMPILER_FLAGS = "-fno-objc-arc -Wno-unused"; }; };
		88DB865015CD6D3A008DF7F9 /* AFNetworkActivityIndicatorManager.m in Sources */ = {isa = PBXBuildFile; fileRef = 88DB864115CD6D3A008DF7F9 /* AFNetworkActivityIndicatorManager.m */; settings = {COMPILER_FLAGS = "-fno-objc-arc"; }; };
		88DB865115CD6D3A008DF7F9 /* AFPropertyListRequestOperation.m in Sources */ = {isa = PBXBuildFile; fileRef = 88DB864415CD6D3A008DF7F9 /* AFPropertyListRequestOperation.m */; settings = {COMPILER_FLAGS = "-fno-objc-arc"; }; };
		88DB865215CD6D3A008DF7F9 /* AFURLConnectionOperation.m in Sources */ = {isa = PBXBuildFile; fileRef = 88DB864615CD6D3A008DF7F9 /* AFURLConnectionOperation.m */; settings = {COMPILER_FLAGS = "-fno-objc-arc"; }; };
		88DB865315CD6D3A008DF7F9 /* AFXMLRequestOperation.m in Sources */ = {isa = PBXBuildFile; fileRef = 88DB864815CD6D3A008DF7F9 /* AFXMLRequestOperation.m */; settings = {COMPILER_FLAGS = "-fno-objc-arc -Wno-unused"; }; };
		88DB865415CD6D3A008DF7F9 /* UIImageView+AFNetworking.m in Sources */ = {isa = PBXBuildFile; fileRef = 88DB864A15CD6D3A008DF7F9 /* UIImageView+AFNetworking.m */; settings = {COMPILER_FLAGS = "-fno-objc-arc"; }; };
		88DC24F415CB004200446F65 /* UIKit.framework in Frameworks */ = {isa = PBXBuildFile; fileRef = 88DC24F315CB004200446F65 /* UIKit.framework */; };
		88DC24F615CB004200446F65 /* Foundation.framework in Frameworks */ = {isa = PBXBuildFile; fileRef = 88DC24F515CB004200446F65 /* Foundation.framework */; };
		88DC24F815CB004200446F65 /* CoreGraphics.framework in Frameworks */ = {isa = PBXBuildFile; fileRef = 88DC24F715CB004200446F65 /* CoreGraphics.framework */; };
		88DC24FE15CB004200446F65 /* InfoPlist.strings in Resources */ = {isa = PBXBuildFile; fileRef = 88DC24FC15CB004200446F65 /* InfoPlist.strings */; };
		88DC250015CB004200446F65 /* main.m in Sources */ = {isa = PBXBuildFile; fileRef = 88DC24FF15CB004200446F65 /* main.m */; };
		88DC250415CB004200446F65 /* AppDelegate.m in Sources */ = {isa = PBXBuildFile; fileRef = 88DC250315CB004200446F65 /* AppDelegate.m */; };
		88DC250715CB004200446F65 /* FeedViewController.m in Sources */ = {isa = PBXBuildFile; fileRef = 88DC250615CB004200446F65 /* FeedViewController.m */; };
		88DC250A15CB004200446F65 /* FeedViewController.xib in Resources */ = {isa = PBXBuildFile; fileRef = 88DC250815CB004200446F65 /* FeedViewController.xib */; };
/* End PBXBuildFile section */

/* Begin PBXFileReference section */
		88DB863515CD6D3A008DF7F9 /* AFHTTPClient.h */ = {isa = PBXFileReference; fileEncoding = 4; lastKnownFileType = sourcecode.c.h; path = AFHTTPClient.h; sourceTree = "<group>"; };
		88DB863615CD6D3A008DF7F9 /* AFHTTPClient.m */ = {isa = PBXFileReference; fileEncoding = 4; lastKnownFileType = sourcecode.c.objc; path = AFHTTPClient.m; sourceTree = "<group>"; };
		88DB863715CD6D3A008DF7F9 /* AFHTTPRequestOperation.h */ = {isa = PBXFileReference; fileEncoding = 4; lastKnownFileType = sourcecode.c.h; path = AFHTTPRequestOperation.h; sourceTree = "<group>"; };
		88DB863815CD6D3A008DF7F9 /* AFHTTPRequestOperation.m */ = {isa = PBXFileReference; fileEncoding = 4; lastKnownFileType = sourcecode.c.objc; path = AFHTTPRequestOperation.m; sourceTree = "<group>"; };
		88DB863915CD6D3A008DF7F9 /* AFImageCache.h */ = {isa = PBXFileReference; fileEncoding = 4; lastKnownFileType = sourcecode.c.h; path = AFImageCache.h; sourceTree = "<group>"; };
		88DB863A15CD6D3A008DF7F9 /* AFImageCache.m */ = {isa = PBXFileReference; fileEncoding = 4; lastKnownFileType = sourcecode.c.objc; path = AFImageCache.m; sourceTree = "<group>"; };
		88DB863B15CD6D3A008DF7F9 /* AFImageRequestOperation.h */ = {isa = PBXFileReference; fileEncoding = 4; lastKnownFileType = sourcecode.c.h; path = AFImageRequestOperation.h; sourceTree = "<group>"; };
		88DB863C15CD6D3A008DF7F9 /* AFImageRequestOperation.m */ = {isa = PBXFileReference; fileEncoding = 4; lastKnownFileType = sourcecode.c.objc; path = AFImageRequestOperation.m; sourceTree = "<group>"; };
		88DB863D15CD6D3A008DF7F9 /* AFJSONRequestOperation.h */ = {isa = PBXFileReference; fileEncoding = 4; lastKnownFileType = sourcecode.c.h; path = AFJSONRequestOperation.h; sourceTree = "<group>"; };
		88DB863E15CD6D3A008DF7F9 /* AFJSONRequestOperation.m */ = {isa = PBXFileReference; fileEncoding = 4; lastKnownFileType = sourcecode.c.objc; path = AFJSONRequestOperation.m; sourceTree = "<group>"; };
		88DB863F15CD6D3A008DF7F9 /* AFJSONUtilities.h */ = {isa = PBXFileReference; fileEncoding = 4; lastKnownFileType = sourcecode.c.h; path = AFJSONUtilities.h; sourceTree = "<group>"; };
		88DB864015CD6D3A008DF7F9 /* AFNetworkActivityIndicatorManager.h */ = {isa = PBXFileReference; fileEncoding = 4; lastKnownFileType = sourcecode.c.h; path = AFNetworkActivityIndicatorManager.h; sourceTree = "<group>"; };
		88DB864115CD6D3A008DF7F9 /* AFNetworkActivityIndicatorManager.m */ = {isa = PBXFileReference; fileEncoding = 4; lastKnownFileType = sourcecode.c.objc; path = AFNetworkActivityIndicatorManager.m; sourceTree = "<group>"; };
		88DB864215CD6D3A008DF7F9 /* AFNetworking.h */ = {isa = PBXFileReference; fileEncoding = 4; lastKnownFileType = sourcecode.c.h; path = AFNetworking.h; sourceTree = "<group>"; };
		88DB864315CD6D3A008DF7F9 /* AFPropertyListRequestOperation.h */ = {isa = PBXFileReference; fileEncoding = 4; lastKnownFileType = sourcecode.c.h; path = AFPropertyListRequestOperation.h; sourceTree = "<group>"; };
		88DB864415CD6D3A008DF7F9 /* AFPropertyListRequestOperation.m */ = {isa = PBXFileReference; fileEncoding = 4; lastKnownFileType = sourcecode.c.objc; path = AFPropertyListRequestOperation.m; sourceTree = "<group>"; };
		88DB864515CD6D3A008DF7F9 /* AFURLConnectionOperation.h */ = {isa = PBXFileReference; fileEncoding = 4; lastKnownFileType = sourcecode.c.h; path = AFURLConnectionOperation.h; sourceTree = "<group>"; };
		88DB864615CD6D3A008DF7F9 /* AFURLConnectionOperation.m */ = {isa = PBXFileReference; fileEncoding = 4; lastKnownFileType = sourcecode.c.objc; path = AFURLConnectionOperation.m; sourceTree = "<group>"; };
		88DB864715CD6D3A008DF7F9 /* AFXMLRequestOperation.h */ = {isa = PBXFileReference; fileEncoding = 4; lastKnownFileType = sourcecode.c.h; path = AFXMLRequestOperation.h; sourceTree = "<group>"; };
		88DB864815CD6D3A008DF7F9 /* AFXMLRequestOperation.m */ = {isa = PBXFileReference; fileEncoding = 4; lastKnownFileType = sourcecode.c.objc; path = AFXMLRequestOperation.m; sourceTree = "<group>"; };
		88DB864915CD6D3A008DF7F9 /* UIImageView+AFNetworking.h */ = {isa = PBXFileReference; fileEncoding = 4; lastKnownFileType = sourcecode.c.h; path = "UIImageView+AFNetworking.h"; sourceTree = "<group>"; };
		88DB864A15CD6D3A008DF7F9 /* UIImageView+AFNetworking.m */ = {isa = PBXFileReference; fileEncoding = 4; lastKnownFileType = sourcecode.c.objc; path = "UIImageView+AFNetworking.m"; sourceTree = "<group>"; };
		88DC24EF15CB004200446F65 /* thebookoflulz.app */ = {isa = PBXFileReference; explicitFileType = wrapper.application; includeInIndex = 0; path = thebookoflulz.app; sourceTree = BUILT_PRODUCTS_DIR; };
		88DC24F315CB004200446F65 /* UIKit.framework */ = {isa = PBXFileReference; lastKnownFileType = wrapper.framework; name = UIKit.framework; path = System/Library/Frameworks/UIKit.framework; sourceTree = SDKROOT; };
		88DC24F515CB004200446F65 /* Foundation.framework */ = {isa = PBXFileReference; lastKnownFileType = wrapper.framework; name = Foundation.framework; path = System/Library/Frameworks/Foundation.framework; sourceTree = SDKROOT; };
		88DC24F715CB004200446F65 /* CoreGraphics.framework */ = {isa = PBXFileReference; lastKnownFileType = wrapper.framework; name = CoreGraphics.framework; path = System/Library/Frameworks/CoreGraphics.framework; sourceTree = SDKROOT; };
		88DC24FB15CB004200446F65 /* thebookoflulz-Info.plist */ = {isa = PBXFileReference; lastKnownFileType = text.plist.xml; path = "thebookoflulz-Info.plist"; sourceTree = "<group>"; };
		88DC24FD15CB004200446F65 /* en */ = {isa = PBXFileReference; lastKnownFileType = text.plist.strings; name = en; path = en.lproj/InfoPlist.strings; sourceTree = "<group>"; };
		88DC24FF15CB004200446F65 /* main.m */ = {isa = PBXFileReference; lastKnownFileType = sourcecode.c.objc; path = main.m; sourceTree = "<group>"; };
		88DC250115CB004200446F65 /* thebookoflulz-Prefix.pch */ = {isa = PBXFileReference; lastKnownFileType = sourcecode.c.h; path = "thebookoflulz-Prefix.pch"; sourceTree = "<group>"; };
		88DC250215CB004200446F65 /* AppDelegate.h */ = {isa = PBXFileReference; lastKnownFileType = sourcecode.c.h; path = AppDelegate.h; sourceTree = "<group>"; };
		88DC250315CB004200446F65 /* AppDelegate.m */ = {isa = PBXFileReference; lastKnownFileType = sourcecode.c.objc; path = AppDelegate.m; sourceTree = "<group>"; };
		88DC250515CB004200446F65 /* FeedViewController.h */ = {isa = PBXFileReference; lastKnownFileType = sourcecode.c.h; path = FeedViewController.h; sourceTree = "<group>"; };
		88DC250615CB004200446F65 /* FeedViewController.m */ = {isa = PBXFileReference; lastKnownFileType = sourcecode.c.objc; path = FeedViewController.m; sourceTree = "<group>"; };
		88DC250915CB004200446F65 /* en */ = {isa = PBXFileReference; lastKnownFileType = file.xib; name = en; path = en.lproj/FeedViewController.xib; sourceTree = "<group>"; };
/* End PBXFileReference section */

/* Begin PBXFrameworksBuildPhase section */
		88DC24EC15CB004200446F65 /* Frameworks */ = {
			isa = PBXFrameworksBuildPhase;
			buildActionMask = 2147483647;
			files = (
				88DC24F415CB004200446F65 /* UIKit.framework in Frameworks */,
				88DC24F615CB004200446F65 /* Foundation.framework in Frameworks */,
				88DC24F815CB004200446F65 /* CoreGraphics.framework in Frameworks */,
			);
			runOnlyForDeploymentPostprocessing = 0;
		};
/* End PBXFrameworksBuildPhase section */

/* Begin PBXGroup section */
		88DB863415CD6D3A008DF7F9 /* AFNetworking */ = {
			isa = PBXGroup;
			children = (
				88DB863515CD6D3A008DF7F9 /* AFHTTPClient.h */,
				88DB863615CD6D3A008DF7F9 /* AFHTTPClient.m */,
				88DB863715CD6D3A008DF7F9 /* AFHTTPRequestOperation.h */,
				88DB863815CD6D3A008DF7F9 /* AFHTTPRequestOperation.m */,
				88DB863915CD6D3A008DF7F9 /* AFImageCache.h */,
				88DB863A15CD6D3A008DF7F9 /* AFImageCache.m */,
				88DB863B15CD6D3A008DF7F9 /* AFImageRequestOperation.h */,
				88DB863C15CD6D3A008DF7F9 /* AFImageRequestOperation.m */,
				88DB863D15CD6D3A008DF7F9 /* AFJSONRequestOperation.h */,
				88DB863E15CD6D3A008DF7F9 /* AFJSONRequestOperation.m */,
				88DB863F15CD6D3A008DF7F9 /* AFJSONUtilities.h */,
				88DB864015CD6D3A008DF7F9 /* AFNetworkActivityIndicatorManager.h */,
				88DB864115CD6D3A008DF7F9 /* AFNetworkActivityIndicatorManager.m */,
				88DB864215CD6D3A008DF7F9 /* AFNetworking.h */,
				88DB864315CD6D3A008DF7F9 /* AFPropertyListRequestOperation.h */,
				88DB864415CD6D3A008DF7F9 /* AFPropertyListRequestOperation.m */,
				88DB864515CD6D3A008DF7F9 /* AFURLConnectionOperation.h */,
				88DB864615CD6D3A008DF7F9 /* AFURLConnectionOperation.m */,
				88DB864715CD6D3A008DF7F9 /* AFXMLRequestOperation.h */,
				88DB864815CD6D3A008DF7F9 /* AFXMLRequestOperation.m */,
				88DB864915CD6D3A008DF7F9 /* UIImageView+AFNetworking.h */,
				88DB864A15CD6D3A008DF7F9 /* UIImageView+AFNetworking.m */,
			);
			name = AFNetworking;
			path = ../../../practice/ios/StoreSearch/AFNetworking;
			sourceTree = "<group>";
		};
		88DC24E415CB004200446F65 = {
			isa = PBXGroup;
			children = (
				88DB863415CD6D3A008DF7F9 /* AFNetworking */,
				88DC24F915CB004200446F65 /* thebookoflulz */,
				88DC24F215CB004200446F65 /* Frameworks */,
				88DC24F015CB004200446F65 /* Products */,
			);
			sourceTree = "<group>";
		};
		88DC24F015CB004200446F65 /* Products */ = {
			isa = PBXGroup;
			children = (
				88DC24EF15CB004200446F65 /* thebookoflulz.app */,
			);
			name = Products;
			sourceTree = "<group>";
		};
		88DC24F215CB004200446F65 /* Frameworks */ = {
			isa = PBXGroup;
			children = (
				88DC24F315CB004200446F65 /* UIKit.framework */,
				88DC24F515CB004200446F65 /* Foundation.framework */,
				88DC24F715CB004200446F65 /* CoreGraphics.framework */,
			);
			name = Frameworks;
			sourceTree = "<group>";
		};
		88DC24F915CB004200446F65 /* thebookoflulz */ = {
			isa = PBXGroup;
			children = (
				88DC250215CB004200446F65 /* AppDelegate.h */,
				88DC250315CB004200446F65 /* AppDelegate.m */,
				88DC250515CB004200446F65 /* FeedViewController.h */,
				88DC250615CB004200446F65 /* FeedViewController.m */,
				88DC250815CB004200446F65 /* FeedViewController.xib */,
				88DC24FA15CB004200446F65 /* Supporting Files */,
			);
			path = thebookoflulz;
			sourceTree = "<group>";
		};
		88DC24FA15CB004200446F65 /* Supporting Files */ = {
			isa = PBXGroup;
			children = (
				88DC24FB15CB004200446F65 /* thebookoflulz-Info.plist */,
				88DC24FC15CB004200446F65 /* InfoPlist.strings */,
				88DC24FF15CB004200446F65 /* main.m */,
				88DC250115CB004200446F65 /* thebookoflulz-Prefix.pch */,
			);
			name = "Supporting Files";
			sourceTree = "<group>";
		};
/* End PBXGroup section */

/* Begin PBXNativeTarget section */
		88DC24EE15CB004200446F65 /* thebookoflulz */ = {
			isa = PBXNativeTarget;
			buildConfigurationList = 88DC250D15CB004200446F65 /* Build configuration list for PBXNativeTarget "thebookoflulz" */;
			buildPhases = (
				88DC24EB15CB004200446F65 /* Sources */,
				88DC24EC15CB004200446F65 /* Frameworks */,
				88DC24ED15CB004200446F65 /* Resources */,
			);
			buildRules = (
			);
			dependencies = (
			);
			name = thebookoflulz;
			productName = thebookoflulz;
			productReference = 88DC24EF15CB004200446F65 /* thebookoflulz.app */;
			productType = "com.apple.product-type.application";
		};
/* End PBXNativeTarget section */

/* Begin PBXProject section */
		88DC24E615CB004200446F65 /* Project object */ = {
			isa = PBXProject;
			attributes = {
				LastUpgradeCheck = 0420;
			};
			buildConfigurationList = 88DC24E915CB004200446F65 /* Build configuration list for PBXProject "thebookoflulz" */;
			compatibilityVersion = "Xcode 3.2";
			developmentRegion = English;
			hasScannedForEncodings = 0;
			knownRegions = (
				en,
			);
			mainGroup = 88DC24E415CB004200446F65;
			productRefGroup = 88DC24F015CB004200446F65 /* Products */;
			projectDirPath = "";
			projectRoot = "";
			targets = (
				88DC24EE15CB004200446F65 /* thebookoflulz */,
			);
		};
/* End PBXProject section */

/* Begin PBXResourcesBuildPhase section */
		88DC24ED15CB004200446F65 /* Resources */ = {
			isa = PBXResourcesBuildPhase;
			buildActionMask = 2147483647;
			files = (
				88DC24FE15CB004200446F65 /* InfoPlist.strings in Resources */,
				88DC250A15CB004200446F65 /* FeedViewController.xib in Resources */,
			);
			runOnlyForDeploymentPostprocessing = 0;
		};
/* End PBXResourcesBuildPhase section */

/* Begin PBXSourcesBuildPhase section */
		88DC24EB15CB004200446F65 /* Sources */ = {
			isa = PBXSourcesBuildPhase;
			buildActionMask = 2147483647;
			files = (
				88DC250015CB004200446F65 /* main.m in Sources */,
				88DC250415CB004200446F65 /* AppDelegate.m in Sources */,
				88DC250715CB004200446F65 /* FeedViewController.m in Sources */,
				88DB864B15CD6D3A008DF7F9 /* AFHTTPClient.m in Sources */,
				88DB864C15CD6D3A008DF7F9 /* AFHTTPRequestOperation.m in Sources */,
				88DB864D15CD6D3A008DF7F9 /* AFImageCache.m in Sources */,
				88DB864E15CD6D3A008DF7F9 /* AFImageRequestOperation.m in Sources */,
				88DB864F15CD6D3A008DF7F9 /* AFJSONRequestOperation.m in Sources */,
				88DB865015CD6D3A008DF7F9 /* AFNetworkActivityIndicatorManager.m in Sources */,
				88DB865115CD6D3A008DF7F9 /* AFPropertyListRequestOperation.m in Sources */,
				88DB865215CD6D3A008DF7F9 /* AFURLConnectionOperation.m in Sources */,
				88DB865315CD6D3A008DF7F9 /* AFXMLRequestOperation.m in Sources */,
				88DB865415CD6D3A008DF7F9 /* UIImageView+AFNetworking.m in Sources */,
			);
			runOnlyForDeploymentPostprocessing = 0;
		};
/* End PBXSourcesBuildPhase section */

/* Begin PBXVariantGroup section */
		88DC24FC15CB004200446F65 /* InfoPlist.strings */ = {
			isa = PBXVariantGroup;
			children = (
				88DC24FD15CB004200446F65 /* en */,
			);
			name = InfoPlist.strings;
			sourceTree = "<group>";
		};
		88DC250815CB004200446F65 /* FeedViewController.xib */ = {
			isa = PBXVariantGroup;
			children = (
				88DC250915CB004200446F65 /* en */,
			);
			name = FeedViewController.xib;
			sourceTree = "<group>";
		};
/* End PBXVariantGroup section */

/* Begin XCBuildConfiguration section */
		88DC250B15CB004200446F65 /* Debug */ = {
			isa = XCBuildConfiguration;
			buildSettings = {
				ALWAYS_SEARCH_USER_PATHS = NO;
				ARCHS = "$(ARCHS_STANDARD_32_BIT)";
				CLANG_ENABLE_OBJC_ARC = YES;
				"CODE_SIGN_IDENTITY[sdk=iphoneos*]" = "iPhone Developer";
				COPY_PHASE_STRIP = NO;
				GCC_C_LANGUAGE_STANDARD = gnu99;
				GCC_DYNAMIC_NO_PIC = NO;
				GCC_OPTIMIZATION_LEVEL = 0;
				GCC_PREPROCESSOR_DEFINITIONS = (
					"DEBUG=1",
					"$(inherited)",
				);
				GCC_SYMBOLS_PRIVATE_EXTERN = NO;
				GCC_VERSION = com.apple.compilers.llvm.clang.1_0;
				GCC_WARN_ABOUT_MISSING_PROTOTYPES = YES;
				GCC_WARN_ABOUT_RETURN_TYPE = YES;
				GCC_WARN_UNUSED_VARIABLE = YES;
				IPHONEOS_DEPLOYMENT_TARGET = 5.0;
				SDKROOT = iphoneos;
			};
			name = Debug;
		};
		88DC250C15CB004200446F65 /* Release */ = {
			isa = XCBuildConfiguration;
			buildSettings = {
				ALWAYS_SEARCH_USER_PATHS = NO;
				ARCHS = "$(ARCHS_STANDARD_32_BIT)";
				CLANG_ENABLE_OBJC_ARC = YES;
				"CODE_SIGN_IDENTITY[sdk=iphoneos*]" = "iPhone Developer";
				COPY_PHASE_STRIP = YES;
				GCC_C_LANGUAGE_STANDARD = gnu99;
				GCC_VERSION = com.apple.compilers.llvm.clang.1_0;
				GCC_WARN_ABOUT_MISSING_PROTOTYPES = YES;
				GCC_WARN_ABOUT_RETURN_TYPE = YES;
				GCC_WARN_UNUSED_VARIABLE = YES;
				IPHONEOS_DEPLOYMENT_TARGET = 5.0;
				OTHER_CFLAGS = "-DNS_BLOCK_ASSERTIONS=1";
				SDKROOT = iphoneos;
				VALIDATE_PRODUCT = YES;
			};
			name = Release;
		};
		88DC250E15CB004200446F65 /* Debug */ = {
			isa = XCBuildConfiguration;
			buildSettings = {
				GCC_PRECOMPILE_PREFIX_HEADER = YES;
				GCC_PREFIX_HEADER = "thebookoflulz/thebookoflulz-Prefix.pch";
				INFOPLIST_FILE = "thebookoflulz/thebookoflulz-Info.plist";
				PRODUCT_NAME = "$(TARGET_NAME)";
				WARNING_CFLAGS = "-Wall";
				WRAPPER_EXTENSION = app;
			};
			name = Debug;
		};
		88DC250F15CB004200446F65 /* Release */ = {
			isa = XCBuildConfiguration;
			buildSettings = {
				GCC_PRECOMPILE_PREFIX_HEADER = YES;
				GCC_PREFIX_HEADER = "thebookoflulz/thebookoflulz-Prefix.pch";
				INFOPLIST_FILE = "thebookoflulz/thebookoflulz-Info.plist";
				PRODUCT_NAME = "$(TARGET_NAME)";
				WARNING_CFLAGS = "-Wall";
				WRAPPER_EXTENSION = app;
			};
			name = Release;
		};
/* End XCBuildConfiguration section */

/* Begin XCConfigurationList section */
		88DC24E915CB004200446F65 /* Build configuration list for PBXProject "thebookoflulz" */ = {
			isa = XCConfigurationList;
			buildConfigurations = (
				88DC250B15CB004200446F65 /* Debug */,
				88DC250C15CB004200446F65 /* Release */,
			);
			defaultConfigurationIsVisible = 0;
			defaultConfigurationName = Release;
		};
		88DC250D15CB004200446F65 /* Build configuration list for PBXNativeTarget "thebookoflulz" */ = {
			isa = XCConfigurationList;
			buildConfigurations = (
				88DC250E15CB004200446F65 /* Debug */,
				88DC250F15CB004200446F65 /* Release */,
			);
			defaultConfigurationIsVisible = 0;
			defaultConfigurationName = Release;
		};
/* End XCConfigurationList section */
	};
	rootObject = 88DC24E615CB004200446F65 /* Project object */;
}
